
Microsoft Visual Studio Solution File, Format Version 12.00
# Visual Studio Version 17
VisualStudioVersion = 17.4.33205.214
MinimumVisualStudioVersion = 10.0.40219.1
Project("{FAE04EC0-301F-11D3-BF4B-00C04F79EFBC}") = "WebApiLearning", "WebApiLearning\WebApiLearning.csproj", "{CD30411D-90B5-44C3-81F8-609A5C924072}"
EndProject
Project("{FAE04EC0-301F-11D3-BF4B-00C04F79EFBC}") = "FrontEnd", "FrontEnd\FrontEnd.csproj", "{464893EF-1EBB-4E6A-BA05-6738BA3A363B}"
EndProject
Global
	GlobalSection(SolutionConfigurationPlatforms) = preSolution
		Debug|Any CPU = Debug|Any CPU
		Release|Any CPU = Release|Any CPU
	EndGlobalSection
	GlobalSection(ProjectConfigurationPlatforms) = postSolution
		{CD30411D-90B5-44C3-81F8-609A5C924072}.Debug|Any CPU.ActiveCfg = Debug|Any CPU
		{CD30411D-90B5-44C3-81F8-609A5C924072}.Debug|Any CPU.Build.0 = Debug|Any CPU
		{CD30411D-90B5-44C3-81F8-609A5C924072}.Release|Any CPU.ActiveCfg = Release|Any CPU
		{CD30411D-90B5-44C3-81F8-609A5C924072}.Release|Any CPU.Build.0 = Release|Any CPU
		{464893EF-1EBB-4E6A-BA05-6738BA3A363B}.Debug|Any CPU.ActiveCfg = Debug|Any CPU
		{464893EF-1EBB-4E6A-BA05-6738BA3A363B}.Debug|Any CPU.Build.0 = Debug|Any CPU
		{464893EF-1EBB-4E6A-BA05-6738BA3A363B}.Release|Any CPU.ActiveCfg = Release|Any CPU
		{464893EF-1EBB-4E6A-BA05-6738BA3A363B}.Release|Any CPU.Build.0 = Release|Any CPU
	EndGlobalSection
	GlobalSection(SolutionProperties) = preSolution
		HideSolutionNode = FALSE
	EndGlobalSection
	GlobalSection(ExtensibilityGlobals) = postSolution
		SolutionGuid = {3F4A25C6-E0DB-47AE-9C41-0B8A1ABE27EC}
	EndGlobalSection
EndGlobal
